
Microsoft Visual Studio Solution File, Format Version 12.00
# Visual Studio 15
Project("{FAE04EC0-301F-11D3-BF4B-00C04F79EFBC}") = "FenTrue.Android", "FenTrue.Android\FenTrue.Android.csproj", "{ABA97DE9-76ED-437D-8AEA-29658246D531}"
EndProject
Project("{FAE04EC0-301F-11D3-BF4B-00C04F79EFBC}") = "FenTrue.iOS", "FenTrue.iOS\FenTrue.iOS.csproj", "{72713E6F-BA5A-46DE-B8C9-C195C658E03D}"
EndProject
Project("{FAE04EC0-301F-11D3-BF4B-00C04F79EFBC}") = "FenTrue", "FenTrue\FenTrue.csproj", "{D6D9E455-02EC-4E9B-9952-5FD769AEAD01}"
EndProject
Global
	GlobalSection(SolutionConfigurationPlatforms) = preSolution
		Debug|Any CPU = Debug|Any CPU
		Release|Any CPU = Release|Any CPU
		Debug|iPhoneSimulator = Debug|iPhoneSimulator
		Release|iPhoneSimulator = Release|iPhoneSimulator
		Debug|iPhone = Debug|iPhone
		Release|iPhone = Release|iPhone
	EndGlobalSection
	GlobalSection(ProjectConfigurationPlatforms) = postSolution
		{ABA97DE9-76ED-437D-8AEA-29658246D531}.Debug|Any CPU.ActiveCfg = Debug|Any CPU
		{ABA97DE9-76ED-437D-8AEA-29658246D531}.Debug|Any CPU.Build.0 = Debug|Any CPU
		{ABA97DE9-76ED-437D-8AEA-29658246D531}.Release|Any CPU.ActiveCfg = Release|Any CPU
		{ABA97DE9-76ED-437D-8AEA-29658246D531}.Release|Any CPU.Build.0 = Release|Any CPU
		{ABA97DE9-76ED-437D-8AEA-29658246D531}.Debug|iPhoneSimulator.ActiveCfg = Debug|Any CPU
		{ABA97DE9-76ED-437D-8AEA-29658246D531}.Debug|iPhoneSimulator.Build.0 = Debug|Any CPU
		{ABA97DE9-76ED-437D-8AEA-29658246D531}.Release|iPhoneSimulator.ActiveCfg = Release|Any CPU
		{ABA97DE9-76ED-437D-8AEA-29658246D531}.Release|iPhoneSimulator.Build.0 = Release|Any CPU
		{ABA97DE9-76ED-437D-8AEA-29658246D531}.Debug|iPhone.ActiveCfg = Debug|Any CPU
		{ABA97DE9-76ED-437D-8AEA-29658246D531}.Debug|iPhone.Build.0 = Debug|Any CPU
		{ABA97DE9-76ED-437D-8AEA-29658246D531}.Release|iPhone.ActiveCfg = Release|Any CPU
		{ABA97DE9-76ED-437D-8AEA-29658246D531}.Release|iPhone.Build.0 = Release|Any CPU
		{72713E6F-BA5A-46DE-B8C9-C195C658E03D}.Debug|Any CPU.ActiveCfg = Debug|iPhoneSimulator
		{72713E6F-BA5A-46DE-B8C9-C195C658E03D}.Debug|Any CPU.Build.0 = Debug|iPhoneSimulator
		{72713E6F-BA5A-46DE-B8C9-C195C658E03D}.Release|Any CPU.ActiveCfg = Release|iPhoneSimulator
		{72713E6F-BA5A-46DE-B8C9-C195C658E03D}.Release|Any CPU.Build.0 = Release|iPhoneSimulator
		{72713E6F-BA5A-46DE-B8C9-C195C658E03D}.Debug|iPhoneSimulator.ActiveCfg = Debug|iPhoneSimulator
		{72713E6F-BA5A-46DE-B8C9-C195C658E03D}.Debug|iPhoneSimulator.Build.0 = Debug|iPhoneSimulator
		{72713E6F-BA5A-46DE-B8C9-C195C658E03D}.Release|iPhoneSimulator.ActiveCfg = Release|iPhoneSimulator
		{72713E6F-BA5A-46DE-B8C9-C195C658E03D}.Release|iPhoneSimulator.Build.0 = Release|iPhoneSimulator
		{72713E6F-BA5A-46DE-B8C9-C195C658E03D}.Debug|iPhone.ActiveCfg = Debug|iPhone
		{72713E6F-BA5A-46DE-B8C9-C195C658E03D}.Debug|iPhone.Build.0 = Debug|iPhone
		{72713E6F-BA5A-46DE-B8C9-C195C658E03D}.Release|iPhone.ActiveCfg = Release|iPhone
		{72713E6F-BA5A-46DE-B8C9-C195C658E03D}.Release|iPhone.Build.0 = Release|iPhone
		{D6D9E455-02EC-4E9B-9952-5FD769AEAD01}.Debug|Any CPU.ActiveCfg = Debug|Any CPU
		{D6D9E455-02EC-4E9B-9952-5FD769AEAD01}.Debug|Any CPU.Build.0 = Debug|Any CPU
		{D6D9E455-02EC-4E9B-9952-5FD769AEAD01}.Release|Any CPU.ActiveCfg = Release|Any CPU
		{D6D9E455-02EC-4E9B-9952-5FD769AEAD01}.Release|Any CPU.Build.0 = Release|Any CPU
		{D6D9E455-02EC-4E9B-9952-5FD769AEAD01}.Debug|iPhoneSimulator.ActiveCfg = Debug|Any CPU
		{D6D9E455-02EC-4E9B-9952-5FD769AEAD01}.Debug|iPhoneSimulator.Build.0 = Debug|Any CPU
		{D6D9E455-02EC-4E9B-9952-5FD769AEAD01}.Release|iPhoneSimulator.ActiveCfg = Release|Any CPU
		{D6D9E455-02EC-4E9B-9952-5FD769AEAD01}.Release|iPhoneSimulator.Build.0 = Release|Any CPU
		{D6D9E455-02EC-4E9B-9952-5FD769AEAD01}.Debug|iPhone.ActiveCfg = Debug|Any CPU
		{D6D9E455-02EC-4E9B-9952-5FD769AEAD01}.Debug|iPhone.Build.0 = Debug|Any CPU
		{D6D9E455-02EC-4E9B-9952-5FD769AEAD01}.Release|iPhone.ActiveCfg = Release|Any CPU
		{D6D9E455-02EC-4E9B-9952-5FD769AEAD01}.Release|iPhone.Build.0 = Release|Any CPU
	EndGlobalSection
EndGlobal
